{
  "version": 4,
  "terraform_version": "0.12.7",
  "serial": 73,
  "lineage": "8a7f0f29-d429-005c-3896-ee15f2f867b7",
  "outputs": {},
  "resources": [
    {
      "mode": "data",
      "type": "aws_caller_identity",
      "name": "current",
      "provider": "provider.aws",
      "instances": [
        {
          "schema_version": 0,
          "attributes": {
            "account_id": "203286451414",
            "arn": "arn:aws:iam::203286451414:user/terraform-serverless",
            "id": "2019-10-09 16:50:47.5399395 +0000 UTC",
            "user_id": "AIDAS6VGRCTLMRJHVC4PE"
          }
        }
      ]
    },
    {
      "module": "module.bookings",
      "mode": "managed",
      "type": "aws_dynamodb_table",
      "name": "bookings",
      "provider": "provider.aws",
      "instances": [
        {
          "schema_version": 1,
          "attributes": {
            "arn": "arn:aws:dynamodb:us-east-1:203286451414:table/dev-bookings",
            "attribute": [
              {
                "name": "id",
                "type": "S"
              }
            ],
            "billing_mode": "PROVISIONED",
            "global_secondary_index": [],
            "hash_key": "id",
            "id": "dev-bookings",
            "local_secondary_index": [],
            "name": "dev-bookings",
            "point_in_time_recovery": [
              {
                "enabled": false
              }
            ],
            "range_key": null,
            "read_capacity": 1,
            "server_side_encryption": [],
            "stream_arn": "arn:aws:dynamodb:us-east-1:203286451414:table/dev-bookings/stream/2019-10-03T20:10:00.468",
            "stream_enabled": true,
            "stream_label": "2019-10-03T20:10:00.468",
            "stream_view_type": "NEW_IMAGE",
            "tags": {},
            "timeouts": null,
            "ttl": [
              {
                "attribute_name": "",
                "enabled": false
              }
            ],
            "write_capacity": 1
          },
          "private": "eyJlMmJmYjczMC1lY2FhLTExZTYtOGY4OC0zNDM2M2JjN2M0YzAiOnsiY3JlYXRlIjo2MDAwMDAwMDAwMDAsImRlbGV0ZSI6NjAwMDAwMDAwMDAwLCJ1cGRhdGUiOjM2MDAwMDAwMDAwMDB9LCJzY2hlbWFfdmVyc2lvbiI6IjEifQ=="
        }
      ]
    },
    {
      "module": "module.users",
      "mode": "managed",
      "type": "aws_dynamodb_table",
      "name": "users",
      "provider": "provider.aws",
      "instances": [
        {
          "schema_version": 1,
          "attributes": {
            "arn": "arn:aws:dynamodb:us-east-1:203286451414:table/dev-users",
            "attribute": [
              {
                "name": "email",
                "type": "S"
              },
              {
                "name": "id",
                "type": "S"
              }
            ],
            "billing_mode": "PROVISIONED",
            "global_secondary_index": [
              {
                "hash_key": "email",
                "name": "dev-email-gsi",
                "non_key_attributes": [],
                "projection_type": "ALL",
                "range_key": "",
                "read_capacity": 1,
                "write_capacity": 1
              }
            ],
            "hash_key": "id",
            "id": "dev-users",
            "local_secondary_index": [],
            "name": "dev-users",
            "point_in_time_recovery": [
              {
                "enabled": false
              }
            ],
            "range_key": null,
            "read_capacity": 1,
            "server_side_encryption": [],
            "stream_arn": "",
            "stream_enabled": false,
            "stream_label": "",
            "stream_view_type": "",
            "tags": {},
            "timeouts": null,
            "ttl": [
              {
                "attribute_name": "",
                "enabled": false
              }
            ],
            "write_capacity": 1
          },
          "private": "eyJlMmJmYjczMC1lY2FhLTExZTYtOGY4OC0zNDM2M2JjN2M0YzAiOnsiY3JlYXRlIjo2MDAwMDAwMDAwMDAsImRlbGV0ZSI6NjAwMDAwMDAwMDAwLCJ1cGRhdGUiOjM2MDAwMDAwMDAwMDB9LCJzY2hlbWFfdmVyc2lvbiI6IjEifQ=="
        }
      ]
    },
    {
      "module": "module.users",
      "mode": "managed",
      "type": "aws_dynamodb_table_item",
      "name": "admin",
      "provider": "provider.aws",
      "instances": [
        {
          "schema_version": 0,
          "attributes": {
            "hash_key": "id",
            "id": "dev-users|id||4035b5f5-2353-4871-9d90-3cec8979bbeb|",
            "item": "{\r\n  \"id\": {\"S\": \"4035b5f5-2353-4871-9d90-3cec8979bbeb\"},\r\n  \"email\": {\"S\": \"admin@email.com\"},\r\n  \"password\": {\"S\": \"$2y$10$5w9lMDLnm6LvltIgIrLzm.6KlbZnj2zQIZXQijypL7u1NokyL1lk2\"},\r\n  \"role\": {\"S\": \"ADMIN\"},\r\n  \"name\": {\"S\": \"Admin\"}\r\n}\r\n",
            "range_key": null,
            "table_name": "dev-users"
          },
          "private": "bnVsbA==",
          "depends_on": [
            "aws_dynamodb_table.users"
          ]
        }
      ]
    },
    {
      "module": "module.bookings",
      "mode": "managed",
      "type": "aws_iam_policy",
      "name": "bookings_stream_consumer_policy",
      "provider": "provider.aws",
      "instances": [
        {
          "schema_version": 0,
          "attributes": {
            "arn": "arn:aws:iam::203286451414:policy/dev-bookings-stream-consumer-policy",
            "description": "",
            "id": "arn:aws:iam::203286451414:policy/dev-bookings-stream-consumer-policy",
            "name": "dev-bookings-stream-consumer-policy",
            "name_prefix": null,
            "path": "/",
            "policy": "{\r\n    \"Version\": \"2012-10-17\",\r\n    \"Statement\": [\r\n        {\r\n            \"Action\": [\r\n                \"dynamodb:DescribeStream\",\"dynamodb:GetRecords\",\"dynamodb:GetShardIterator\",\"dynamodb:ListStreams\"\r\n            ],\r\n            \"Effect\": \"Allow\",\r\n            \"Resource\": \"arn:aws:dynamodb:us-east-1:203286451414:table/dev-bookings/stream/2019-10-03T20:10:00.468\"\r\n\r\n        },\r\n        {\r\n            \"Effect\": \"Allow\",\r\n            \"Action\": [\r\n                \"logs:CreateLogGroup\",\r\n                \"logs:CreateLogStream\",\r\n                \"logs:PutLogEvents\"\r\n            ],\r\n            \"Resource\": \"*\"\r\n        }\r\n        \r\n        , {\r\n            \"Action\": [\r\n                \"sns:Publish\"\r\n            ],\r\n            \"Effect\": \"Allow\",\r\n            \"Resource\": \"arn:aws:sns:us-east-1:203286451414:dev-notifications\"\r\n\r\n        }\r\n        \r\n    ]\r\n}"
          },
          "private": "bnVsbA==",
          "depends_on": [
            "aws_dynamodb_table.bookings"
          ]
        }
      ]
    },
    {
      "module": "module.bookings",
      "mode": "managed",
      "type": "aws_iam_policy",
      "name": "create_booking_policy",
      "provider": "provider.aws",
      "instances": [
        {
          "schema_version": 0,
          "attributes": {
            "arn": "arn:aws:iam::203286451414:policy/dev-create-booking-policy",
            "description": "",
            "id": "arn:aws:iam::203286451414:policy/dev-create-booking-policy",
            "name": "dev-create-booking-policy",
            "name_prefix": null,
            "path": "/",
            "policy": "{\r\n    \"Version\": \"2012-10-17\",\r\n    \"Statement\": [\r\n        {\r\n            \"Action\": [\r\n                \"dynamodb:PutItem\"\r\n            ],\r\n            \"Effect\": \"Allow\",\r\n            \"Resource\": \"arn:aws:dynamodb:us-east-1:203286451414:table/dev-bookings\"\r\n\r\n        },\r\n        {\r\n            \"Effect\": \"Allow\",\r\n            \"Action\": [\r\n                \"logs:CreateLogGroup\",\r\n                \"logs:CreateLogStream\",\r\n                \"logs:PutLogEvents\"\r\n            ],\r\n            \"Resource\": \"*\"\r\n        }\r\n    ]\r\n}"
          },
          "private": "bnVsbA==",
          "depends_on": [
            "aws_dynamodb_table.bookings"
          ]
        }
      ]
    },
    {
      "module": "module.bookings",
      "mode": "managed",
      "type": "aws_iam_policy",
      "name": "list_bookings_policy",
      "provider": "provider.aws",
      "instances": [
        {
          "schema_version": 0,
          "attributes": {
            "arn": "arn:aws:iam::203286451414:policy/dev-list-bookings-policy",
            "description": "",
            "id": "arn:aws:iam::203286451414:policy/dev-list-bookings-policy",
            "name": "dev-list-bookings-policy",
            "name_prefix": null,
            "path": "/",
            "policy": "{\r\n    \"Version\": \"2012-10-17\",\r\n    \"Statement\": [\r\n        {\r\n            \"Action\": [\r\n                \"dynamodb:Scan\"\r\n            ],\r\n            \"Effect\": \"Allow\",\r\n            \"Resource\": \"arn:aws:dynamodb:us-east-1:203286451414:table/dev-bookings\"\r\n\r\n        },\r\n        {\r\n            \"Effect\": \"Allow\",\r\n            \"Action\": [\r\n                \"logs:CreateLogGroup\",\r\n                \"logs:CreateLogStream\",\r\n                \"logs:PutLogEvents\"\r\n            ],\r\n            \"Resource\": \"*\"\r\n        }\r\n    ]\r\n}"
          },
          "private": "bnVsbA==",
          "depends_on": [
            "aws_dynamodb_table.bookings"
          ]
        }
      ]
    },
    {
      "module": "module.users",
      "mode": "managed",
      "type": "aws_iam_policy",
      "name": "login_policy",
      "provider": "provider.aws",
      "instances": [
        {
          "schema_version": 0,
          "attributes": {
            "arn": "arn:aws:iam::203286451414:policy/dev-login-policy",
            "description": "",
            "id": "arn:aws:iam::203286451414:policy/dev-login-policy",
            "name": "dev-login-policy",
            "name_prefix": null,
            "path": "/",
            "policy": "{\r\n    \"Version\": \"2012-10-17\",\r\n    \"Statement\": [\r\n        {\r\n            \"Action\": [\r\n                \"dynamodb:Query\"\r\n            ],\r\n            \"Effect\": \"Allow\",\r\n            \"Resource\": \"arn:aws:dynamodb:us-east-1:203286451414:table/dev-users/index/dev-email-gsi\"\r\n\r\n        },\r\n        {\r\n            \"Effect\": \"Allow\",\r\n            \"Action\": [\r\n                \"logs:CreateLogGroup\",\r\n                \"logs:CreateLogStream\",\r\n                \"logs:PutLogEvents\"\r\n            ],\r\n            \"Resource\": \"*\"\r\n        }\r\n    ]\r\n}\r\n"
          },
          "private": "bnVsbA==",
          "depends_on": [
            "aws_dynamodb_table.users"
          ]
        }
      ]
    },
    {
      "module": "module.users",
      "mode": "managed",
      "type": "aws_iam_policy",
      "name": "register_policy",
      "provider": "provider.aws",
      "instances": [
        {
          "schema_version": 0,
          "attributes": {
            "arn": "arn:aws:iam::203286451414:policy/dev-register-policy",
            "description": "",
            "id": "arn:aws:iam::203286451414:policy/dev-register-policy",
            "name": "dev-register-policy",
            "name_prefix": null,
            "path": "/",
            "policy": "{\r\n    \"Version\": \"2012-10-17\",\r\n    \"Statement\": [\r\n        {\r\n            \"Action\": [\r\n                \"dynamodb:PutItem\"\r\n            ],\r\n            \"Effect\": \"Allow\",\r\n            \"Resource\": \"arn:aws:dynamodb:us-east-1:203286451414:table/dev-users\"\r\n        },\r\n        {\r\n            \"Effect\": \"Allow\",\r\n            \"Action\": [\r\n                \"logs:CreateLogGroup\",\r\n                \"logs:CreateLogStream\",\r\n                \"logs:PutLogEvents\"\r\n            ],\r\n            \"Resource\": \"*\"\r\n        }\r\n    ]\r\n}\r\n"
          },
          "private": "bnVsbA==",
          "depends_on": [
            "aws_dynamodb_table.users"
          ]
        }
      ]
    },
    {
      "module": "module.bookings",
      "mode": "managed",
      "type": "aws_iam_policy_attachment",
      "name": "bookings_stream_consumer_policy_attachment",
      "provider": "provider.aws",
      "instances": [
        {
          "schema_version": 0,
          "attributes": {
            "groups": [],
            "id": "dev-bookings-stream-consumer-attachment",
            "name": "dev-bookings-stream-consumer-attachment",
            "policy_arn": "arn:aws:iam::203286451414:policy/dev-bookings-stream-consumer-policy",
            "roles": [
              "dev-bookings-stream-consumer-iam-role"
            ],
            "users": []
          },
          "private": "bnVsbA==",
          "depends_on": [
            "aws_iam_policy.bookings_stream_consumer_policy",
            "aws_iam_role.bookings_stream_consumer_iam_role"
          ]
        }
      ]
    },
    {
      "module": "module.bookings",
      "mode": "managed",
      "type": "aws_iam_policy_attachment",
      "name": "create_booking_policy_attachment",
      "provider": "provider.aws",
      "instances": [
        {
          "schema_version": 0,
          "attributes": {
            "groups": [],
            "id": "dev-create-booking-attachment",
            "name": "dev-create-booking-attachment",
            "policy_arn": "arn:aws:iam::203286451414:policy/dev-create-booking-policy",
            "roles": [
              "dev-create-booking-iam-role"
            ],
            "users": []
          },
          "private": "bnVsbA==",
          "depends_on": [
            "aws_iam_policy.create_booking_policy",
            "aws_iam_role.create_booking_iam_role"
          ]
        }
      ]
    },
    {
      "module": "module.bookings",
      "mode": "managed",
      "type": "aws_iam_policy_attachment",
      "name": "list_bookings_policy_attachment",
      "provider": "provider.aws",
      "instances": [
        {
          "schema_version": 0,
          "attributes": {
            "groups": [],
            "id": "dev-list-bookings-attachment",
            "name": "dev-list-bookings-attachment",
            "policy_arn": "arn:aws:iam::203286451414:policy/dev-list-bookings-policy",
            "roles": [
              "dev-list-bookings-iam-role"
            ],
            "users": []
          },
          "private": "bnVsbA==",
          "depends_on": [
            "aws_iam_policy.list_bookings_policy",
            "aws_iam_role.list_bookings_iam_role"
          ]
        }
      ]
    },
    {
      "module": "module.users",
      "mode": "managed",
      "type": "aws_iam_policy_attachment",
      "name": "login_policy_attachment",
      "provider": "provider.aws",
      "instances": [
        {
          "schema_version": 0,
          "attributes": {
            "groups": [],
            "id": "dev-login-attachment",
            "name": "dev-login-attachment",
            "policy_arn": "arn:aws:iam::203286451414:policy/dev-login-policy",
            "roles": [
              "dev-login-iam-role"
            ],
            "users": []
          },
          "private": "bnVsbA==",
          "depends_on": [
            "aws_iam_policy.login_policy",
            "aws_iam_role.login_iam_role"
          ]
        }
      ]
    },
    {
      "module": "module.users",
      "mode": "managed",
      "type": "aws_iam_policy_attachment",
      "name": "register_policy_attachment",
      "provider": "provider.aws",
      "instances": [
        {
          "schema_version": 0,
          "attributes": {
            "groups": [],
            "id": "dev-register-attachment",
            "name": "dev-register-attachment",
            "policy_arn": "arn:aws:iam::203286451414:policy/dev-register-policy",
            "roles": [
              "dev-register-iam-role"
            ],
            "users": []
          },
          "private": "bnVsbA==",
          "depends_on": [
            "aws_iam_policy.register_policy",
            "aws_iam_role.register_iam_role"
          ]
        }
      ]
    },
    {
      "module": "module.bookings",
      "mode": "managed",
      "type": "aws_iam_role",
      "name": "bookings_stream_consumer_iam_role",
      "provider": "provider.aws",
      "instances": [
        {
          "schema_version": 0,
          "attributes": {
            "arn": "arn:aws:iam::203286451414:role/dev-bookings-stream-consumer-iam-role",
            "assume_role_policy": "{\"Version\":\"2012-10-17\",\"Statement\":[{\"Sid\":\"\",\"Effect\":\"Allow\",\"Principal\":{\"Service\":\"lambda.amazonaws.com\"},\"Action\":\"sts:AssumeRole\"}]}",
            "create_date": "2019-10-07T16:07:03Z",
            "description": "",
            "force_detach_policies": false,
            "id": "dev-bookings-stream-consumer-iam-role",
            "max_session_duration": 3600,
            "name": "dev-bookings-stream-consumer-iam-role",
            "name_prefix": null,
            "path": "/",
            "permissions_boundary": null,
            "tags": {},
            "unique_id": "AROAS6VGRCTLFPNRF4IZ4"
          },
          "private": "bnVsbA=="
        }
      ]
    },
    {
      "module": "module.bookings",
      "mode": "managed",
      "type": "aws_iam_role",
      "name": "create_booking_iam_role",
      "provider": "provider.aws",
      "instances": [
        {
          "schema_version": 0,
          "attributes": {
            "arn": "arn:aws:iam::203286451414:role/dev-create-booking-iam-role",
            "assume_role_policy": "{\"Version\":\"2012-10-17\",\"Statement\":[{\"Sid\":\"\",\"Effect\":\"Allow\",\"Principal\":{\"Service\":\"lambda.amazonaws.com\"},\"Action\":\"sts:AssumeRole\"}]}",
            "create_date": "2019-09-26T16:10:25Z",
            "description": "",
            "force_detach_policies": false,
            "id": "dev-create-booking-iam-role",
            "max_session_duration": 3600,
            "name": "dev-create-booking-iam-role",
            "name_prefix": null,
            "path": "/",
            "permissions_boundary": null,
            "tags": {},
            "unique_id": "AROAS6VGRCTLIITDCUE25"
          },
          "private": "bnVsbA=="
        }
      ]
    },
    {
      "module": "module.bookings",
      "mode": "managed",
      "type": "aws_iam_role",
      "name": "list_bookings_iam_role",
      "provider": "provider.aws",
      "instances": [
        {
          "schema_version": 0,
          "attributes": {
            "arn": "arn:aws:iam::203286451414:role/dev-list-bookings-iam-role",
            "assume_role_policy": "{\"Version\":\"2012-10-17\",\"Statement\":[{\"Sid\":\"\",\"Effect\":\"Allow\",\"Principal\":{\"Service\":\"lambda.amazonaws.com\"},\"Action\":\"sts:AssumeRole\"}]}",
            "create_date": "2019-10-02T18:58:58Z",
            "description": "",
            "force_detach_policies": false,
            "id": "dev-list-bookings-iam-role",
            "max_session_duration": 3600,
            "name": "dev-list-bookings-iam-role",
            "name_prefix": null,
            "path": "/",
            "permissions_boundary": null,
            "tags": {},
            "unique_id": "AROAS6VGRCTLLKROVZ4FN"
          },
          "private": "bnVsbA=="
        }
      ]
    },
    {
      "module": "module.users",
      "mode": "managed",
      "type": "aws_iam_role",
      "name": "login_iam_role",
      "provider": "provider.aws",
      "instances": [
        {
          "schema_version": 0,
          "attributes": {
            "arn": "arn:aws:iam::203286451414:role/dev-login-iam-role",
            "assume_role_policy": "{\"Version\":\"2012-10-17\",\"Statement\":[{\"Sid\":\"\",\"Effect\":\"Allow\",\"Principal\":{\"Service\":\"lambda.amazonaws.com\"},\"Action\":\"sts:AssumeRole\"}]}",
            "create_date": "2019-09-20T16:27:14Z",
            "description": "",
            "force_detach_policies": false,
            "id": "dev-login-iam-role",
            "max_session_duration": 3600,
            "name": "dev-login-iam-role",
            "name_prefix": null,
            "path": "/",
            "permissions_boundary": null,
            "tags": {},
            "unique_id": "AROAS6VGRCTLJLFTBNUBV"
          },
          "private": "bnVsbA=="
        }
      ]
    },
    {
      "module": "module.users",
      "mode": "managed",
      "type": "aws_iam_role",
      "name": "register_iam_role",
      "provider": "provider.aws",
      "instances": [
        {
          "schema_version": 0,
          "attributes": {
            "arn": "arn:aws:iam::203286451414:role/dev-register-iam-role",
            "assume_role_policy": "{\"Version\":\"2012-10-17\",\"Statement\":[{\"Sid\":\"\",\"Effect\":\"Allow\",\"Principal\":{\"Service\":\"lambda.amazonaws.com\"},\"Action\":\"sts:AssumeRole\"}]}",
            "create_date": "2019-09-05T02:05:53Z",
            "description": "",
            "force_detach_policies": false,
            "id": "dev-register-iam-role",
            "max_session_duration": 3600,
            "name": "dev-register-iam-role",
            "name_prefix": null,
            "path": "/",
            "permissions_boundary": null,
            "tags": {},
            "unique_id": "AROAS6VGRCTLOGOUUGJCN"
          },
          "private": "bnVsbA=="
        }
      ]
    },
    {
      "module": "module.notifications",
      "mode": "managed",
      "type": "aws_sns_topic",
      "name": "notifications",
      "provider": "provider.aws",
      "instances": [
        {
          "schema_version": 0,
          "attributes": {
            "application_failure_feedback_role_arn": "",
            "application_success_feedback_role_arn": "",
            "application_success_feedback_sample_rate": 0,
            "arn": "arn:aws:sns:us-east-1:203286451414:dev-notifications",
            "delivery_policy": "",
            "display_name": "",
            "http_failure_feedback_role_arn": "",
            "http_success_feedback_role_arn": "",
            "http_success_feedback_sample_rate": 0,
            "id": "arn:aws:sns:us-east-1:203286451414:dev-notifications",
            "kms_master_key_id": "",
            "lambda_failure_feedback_role_arn": "",
            "lambda_success_feedback_role_arn": "",
            "lambda_success_feedback_sample_rate": 0,
            "name": "dev-notifications",
            "name_prefix": null,
            "policy": "{\"Version\":\"2008-10-17\",\"Id\":\"__default_policy_ID\",\"Statement\":[{\"Sid\":\"__default_statement_ID\",\"Effect\":\"Allow\",\"Principal\":{\"AWS\":\"*\"},\"Action\":[\"SNS:GetTopicAttributes\",\"SNS:SetTopicAttributes\",\"SNS:AddPermission\",\"SNS:RemovePermission\",\"SNS:DeleteTopic\",\"SNS:Subscribe\",\"SNS:ListSubscriptionsByTopic\",\"SNS:Publish\",\"SNS:Receive\"],\"Resource\":\"arn:aws:sns:us-east-1:203286451414:dev-notifications\",\"Condition\":{\"StringEquals\":{\"AWS:SourceOwner\":\"203286451414\"}}}]}",
            "sqs_failure_feedback_role_arn": "",
            "sqs_success_feedback_role_arn": "",
            "sqs_success_feedback_sample_rate": 0,
            "tags": {}
          },
          "private": "bnVsbA=="
        }
      ]
    },
    {
      "module": "module.notifications",
      "mode": "managed",
      "type": "aws_sqs_queue",
      "name": "email",
      "provider": "provider.aws",
      "instances": [
        {
          "schema_version": 0,
          "attributes": {
            "arn": "arn:aws:sqs:us-east-1:203286451414:dev-email-queue",
            "content_based_deduplication": false,
            "delay_seconds": 0,
            "fifo_queue": false,
            "id": "https://sqs.us-east-1.amazonaws.com/203286451414/dev-email-queue",
            "kms_data_key_reuse_period_seconds": 300,
            "kms_master_key_id": "",
            "max_message_size": 262144,
            "message_retention_seconds": 345600,
            "name": "dev-email-queue",
            "name_prefix": null,
            "policy": "{\"Version\":\"2012-10-17\",\"Statement\":[{\"Effect\":\"Allow\",\"Principal\":\"*\",\"Action\":\"sqs:SendMessage\",\"Resource\":\"arn:aws:sqs:us-east-1:203286451414: dev-email-queue\",\"Condition\":{\"ArnEquals\":{\"aws:SourceArn\":\"arn:aws:sns:us-east-1:203286451414:dev-notifications\"}}}]}",
            "receive_wait_time_seconds": 0,
            "redrive_policy": "{\"deadLetterTargetArn\":\"arn:aws:sqs:us-east-1:203286451414:dev-email-queue-dlq\",\"maxReceiveCount\":3}",
            "tags": {},
            "visibility_timeout_seconds": 30
          },
          "private": "bnVsbA==",
          "depends_on": [
            "aws_sns_topic.notifications",
            "aws_sqs_queue.email_dlq"
          ]
        }
      ]
    },
    {
      "module": "module.notifications",
      "mode": "managed",
      "type": "aws_sqs_queue",
      "name": "email_dlq",
      "provider": "provider.aws",
      "instances": [
        {
          "schema_version": 0,
          "attributes": {
            "arn": "arn:aws:sqs:us-east-1:203286451414:dev-email-queue-dlq",
            "content_based_deduplication": false,
            "delay_seconds": 0,
            "fifo_queue": false,
            "id": "https://sqs.us-east-1.amazonaws.com/203286451414/dev-email-queue-dlq",
            "kms_data_key_reuse_period_seconds": 300,
            "kms_master_key_id": "",
            "max_message_size": 262144,
            "message_retention_seconds": 345600,
            "name": "dev-email-queue-dlq",
            "name_prefix": null,
            "policy": "",
            "receive_wait_time_seconds": 0,
            "redrive_policy": "",
            "tags": {},
            "visibility_timeout_seconds": 30
          },
          "private": "bnVsbA=="
        }
      ]
    },
    {
      "module": "module.notifications",
      "mode": "managed",
      "type": "aws_sqs_queue",
      "name": "sms",
      "provider": "provider.aws",
      "instances": [
        {
          "schema_version": 0,
          "attributes": {
            "arn": "arn:aws:sqs:us-east-1:203286451414:dev-sms-queue",
            "content_based_deduplication": false,
            "delay_seconds": 0,
            "fifo_queue": false,
            "id": "https://sqs.us-east-1.amazonaws.com/203286451414/dev-sms-queue",
            "kms_data_key_reuse_period_seconds": 300,
            "kms_master_key_id": "",
            "max_message_size": 262144,
            "message_retention_seconds": 345600,
            "name": "dev-sms-queue",
            "name_prefix": null,
            "policy": "",
            "receive_wait_time_seconds": 0,
            "redrive_policy": "{\"deadLetterTargetArn\":\"arn:aws:sqs:us-east-1:203286451414:dev-sms-queue-dlq\",\"maxReceiveCount\":3}",
            "tags": {},
            "visibility_timeout_seconds": 30
          },
          "private": "bnVsbA==",
          "depends_on": [
            "aws_sqs_queue.sms_dlq"
          ]
        }
      ]
    },
    {
      "module": "module.notifications",
      "mode": "managed",
      "type": "aws_sqs_queue",
      "name": "sms_dlq",
      "provider": "provider.aws",
      "instances": [
        {
          "schema_version": 0,
          "attributes": {
            "arn": "arn:aws:sqs:us-east-1:203286451414:dev-sms-queue-dlq",
            "content_based_deduplication": false,
            "delay_seconds": 0,
            "fifo_queue": false,
            "id": "https://sqs.us-east-1.amazonaws.com/203286451414/dev-sms-queue-dlq",
            "kms_data_key_reuse_period_seconds": 300,
            "kms_master_key_id": "",
            "max_message_size": 262144,
            "message_retention_seconds": 345600,
            "name": "dev-sms-queue-dlq",
            "name_prefix": null,
            "policy": "",
            "receive_wait_time_seconds": 0,
            "redrive_policy": "",
            "tags": {},
            "visibility_timeout_seconds": 30
          },
          "private": "bnVsbA=="
        }
      ]
    },
    {
      "module": "module.bookings",
      "mode": "managed",
      "type": "aws_ssm_parameter",
      "name": "bookings_stream_consumer_iam_role",
      "provider": "provider.aws",
      "instances": [
        {
          "schema_version": 0,
          "attributes": {
            "allowed_pattern": "",
            "arn": "arn:aws:ssm:us-east-1:203286451414:parameter/dev-bookings-stream-consumer-iam-role",
            "description": "",
            "id": "dev-bookings-stream-consumer-iam-role",
            "key_id": "",
            "name": "dev-bookings-stream-consumer-iam-role",
            "overwrite": null,
            "tags": {},
            "tier": "Standard",
            "type": "String",
            "value": "arn:aws:iam::203286451414:role/dev-bookings-stream-consumer-iam-role",
            "version": 1
          },
          "private": "bnVsbA==",
          "depends_on": [
            "aws_iam_role.bookings_stream_consumer_iam_role"
          ]
        }
      ]
    },
    {
      "module": "module.bookings",
      "mode": "managed",
      "type": "aws_ssm_parameter",
      "name": "create_booking_iam_role",
      "provider": "provider.aws",
      "instances": [
        {
          "schema_version": 0,
          "attributes": {
            "allowed_pattern": "",
            "arn": "arn:aws:ssm:us-east-1:203286451414:parameter/dev-create-booking-iam-role",
            "description": "",
            "id": "dev-create-booking-iam-role",
            "key_id": "",
            "name": "dev-create-booking-iam-role",
            "overwrite": null,
            "tags": {},
            "tier": "Standard",
            "type": "String",
            "value": "arn:aws:iam::203286451414:role/dev-create-booking-iam-role",
            "version": 1
          },
          "private": "bnVsbA==",
          "depends_on": [
            "aws_iam_role.create_booking_iam_role"
          ]
        }
      ]
    },
    {
      "module": "module.bookings",
      "mode": "managed",
      "type": "aws_ssm_parameter",
      "name": "dynamodb_bookings_stream",
      "provider": "provider.aws",
      "instances": [
        {
          "schema_version": 0,
          "attributes": {
            "allowed_pattern": "",
            "arn": "arn:aws:ssm:us-east-1:203286451414:parameter/dev-dynamodb-bookings-stream",
            "description": "",
            "id": "dev-dynamodb-bookings-stream",
            "key_id": "",
            "name": "dev-dynamodb-bookings-stream",
            "overwrite": null,
            "tags": {},
            "tier": "Standard",
            "type": "String",
            "value": "arn:aws:dynamodb:us-east-1:203286451414:table/dev-bookings/stream/2019-10-03T20:10:00.468",
            "version": 1
          },
          "private": "bnVsbA==",
          "depends_on": [
            "aws_dynamodb_table.bookings"
          ]
        }
      ]
    },
    {
      "module": "module.bookings",
      "mode": "managed",
      "type": "aws_ssm_parameter",
      "name": "dynamodb_bookings_table",
      "provider": "provider.aws",
      "instances": [
        {
          "schema_version": 0,
          "attributes": {
            "allowed_pattern": "",
            "arn": "arn:aws:ssm:us-east-1:203286451414:parameter/dev-dynamodb-bookings-table",
            "description": "",
            "id": "dev-dynamodb-bookings-table",
            "key_id": "",
            "name": "dev-dynamodb-bookings-table",
            "overwrite": null,
            "tags": {},
            "tier": "Standard",
            "type": "String",
            "value": "dev-bookings",
            "version": 1
          },
          "private": "bnVsbA==",
          "depends_on": [
            "aws_dynamodb_table.bookings"
          ]
        }
      ]
    },
    {
      "module": "module.users",
      "mode": "managed",
      "type": "aws_ssm_parameter",
      "name": "dynamodb_users_table",
      "provider": "provider.aws",
      "instances": [
        {
          "schema_version": 0,
          "attributes": {
            "allowed_pattern": "",
            "arn": "arn:aws:ssm:us-east-1:203286451414:parameter/dev-dynamodb-users-table",
            "description": "",
            "id": "dev-dynamodb-users-table",
            "key_id": "",
            "name": "dev-dynamodb-users-table",
            "overwrite": null,
            "tags": {},
            "tier": "Standard",
            "type": "String",
            "value": "dev-users",
            "version": 1
          },
          "private": "bnVsbA==",
          "depends_on": [
            "aws_dynamodb_table.users"
          ]
        }
      ]
    },
    {
      "module": "module.users",
      "mode": "managed",
      "type": "aws_ssm_parameter",
      "name": "email-gsi",
      "provider": "provider.aws",
      "instances": [
        {
          "schema_version": 0,
          "attributes": {
            "allowed_pattern": "",
            "arn": "arn:aws:ssm:us-east-1:203286451414:parameter/dev-email-gsi",
            "description": "",
            "id": "dev-email-gsi",
            "key_id": "",
            "name": "dev-email-gsi",
            "overwrite": null,
            "tags": {},
            "tier": "Standard",
            "type": "String",
            "value": "dev-email-gsi",
            "version": 1
          },
          "private": "bnVsbA=="
        }
      ]
    },
    {
      "module": "module.users",
      "mode": "managed",
      "type": "aws_ssm_parameter",
      "name": "jwt_secret",
      "provider": "provider.aws",
      "instances": [
        {
          "schema_version": 0,
          "attributes": {
            "allowed_pattern": "",
            "arn": "arn:aws:ssm:us-east-1:203286451414:parameter/dev-jwt-secret",
            "description": "",
            "id": "dev-jwt-secret",
            "key_id": "",
            "name": "dev-jwt-secret",
            "overwrite": null,
            "tags": {},
            "tier": "Standard",
            "type": "String",
            "value": "tdvS4ycOKIfrj1G34K2MNfjrq6jM4NnJZ6slxvsR1i0",
            "version": 2
          },
          "private": "bnVsbA=="
        }
      ]
    },
    {
      "module": "module.bookings",
      "mode": "managed",
      "type": "aws_ssm_parameter",
      "name": "list_bookings_iam_role",
      "provider": "provider.aws",
      "instances": [
        {
          "schema_version": 0,
          "attributes": {
            "allowed_pattern": "",
            "arn": "arn:aws:ssm:us-east-1:203286451414:parameter/dev-list-bookings-iam-role",
            "description": "",
            "id": "dev-list-bookings-iam-role",
            "key_id": "",
            "name": "dev-list-bookings-iam-role",
            "overwrite": null,
            "tags": {},
            "tier": "Standard",
            "type": "String",
            "value": "arn:aws:iam::203286451414:role/dev-list-bookings-iam-role",
            "version": 1
          },
          "private": "bnVsbA==",
          "depends_on": [
            "aws_iam_role.list_bookings_iam_role"
          ]
        }
      ]
    },
    {
      "module": "module.users",
      "mode": "managed",
      "type": "aws_ssm_parameter",
      "name": "login_iam_role",
      "provider": "provider.aws",
      "instances": [
        {
          "schema_version": 0,
          "attributes": {
            "allowed_pattern": "",
            "arn": "arn:aws:ssm:us-east-1:203286451414:parameter/dev-login-iam-role",
            "description": "",
            "id": "dev-login-iam-role",
            "key_id": "",
            "name": "dev-login-iam-role",
            "overwrite": null,
            "tags": {},
            "tier": "Standard",
            "type": "String",
            "value": "arn:aws:iam::203286451414:role/dev-login-iam-role",
            "version": 1
          },
          "private": "bnVsbA==",
          "depends_on": [
            "aws_iam_role.login_iam_role"
          ]
        }
      ]
    },
    {
      "module": "module.notifications",
      "mode": "managed",
      "type": "aws_ssm_parameter",
      "name": "notifications_topic",
      "provider": "provider.aws",
      "instances": [
        {
          "schema_version": 0,
          "attributes": {
            "allowed_pattern": "",
            "arn": "arn:aws:ssm:us-east-1:203286451414:parameter/dev-notifications-topic",
            "description": "",
            "id": "dev-notifications-topic",
            "key_id": "",
            "name": "dev-notifications-topic",
            "overwrite": null,
            "tags": {},
            "tier": "Standard",
            "type": "String",
            "value": "arn:aws:sns:us-east-1:203286451414:dev-notifications",
            "version": 1
          },
          "private": "bnVsbA==",
          "depends_on": [
            "aws_sns_topic.notifications"
          ]
        }
      ]
    },
    {
      "module": "module.users",
      "mode": "managed",
      "type": "aws_ssm_parameter",
      "name": "register_iam_role",
      "provider": "provider.aws",
      "instances": [
        {
          "schema_version": 0,
          "attributes": {
            "allowed_pattern": "",
            "arn": "arn:aws:ssm:us-east-1:203286451414:parameter/dev-register-iam-role",
            "description": "",
            "id": "dev-register-iam-role",
            "key_id": "",
            "name": "dev-register-iam-role",
            "overwrite": null,
            "tags": {},
            "tier": "Standard",
            "type": "String",
            "value": "arn:aws:iam::203286451414:role/dev-register-iam-role",
            "version": 1
          },
          "private": "bnVsbA==",
          "depends_on": [
            "aws_iam_role.register_iam_role"
          ]
        }
      ]
    }
  ]
}
